{
  "name": "visual",
  "version": "1.0.1",
  "lockfileVersion": 1,
  "dependencies": {
    "@types/d3": {
      "version": "3.5.36",
      "resolved": "https://registry.npmjs.org/@types/d3/-/d3-3.5.36.tgz",
      "integrity": "sha1-CUOrmCU0IfsHua38bcfd02xReLI=",
      "dev": true
    },
    "@types/jquery": {
      "version": "2.0.41",
      "resolved": "https://registry.npmjs.org/@types/jquery/-/jquery-2.0.41.tgz",
      "integrity": "sha1-uHugUQEfme2+WG2Plygud4bgGm0=",
      "dev": true
    },
    "@types/lodash": {
      "version": "4.14.55",
      "resolved": "https://registry.npmjs.org/@types/lodash/-/lodash-4.14.55.tgz",
      "integrity": "sha1-ddfU66Ag7kED1MvQ8qPvXbj3U08=",
      "dev": true
    },
    "d3": {
      "version": "3.5.5",
      "resolved": "https://registry.npmjs.org/d3/-/d3-3.5.5.tgz",
      "integrity": "sha1-vhq6aoT7ZlMoOz6+u39XDjvaGH4="
    },
    "globalize": {
      "version": "0.1.0-a2",
      "resolved": "https://registry.npmjs.org/globalize/-/globalize-0.1.0a2.tgz",
      "integrity": "sha1-fyizguvv2boMs9gDY1+7pkqH8pQ="
    },
    "jquery": {
      "version": "3.1.1",
      "resolved": "https://registry.npmjs.org/jquery/-/jquery-3.1.1.tgz",
      "integrity": "sha1-NHwcIcfgBBFeCk2jLOzgQfrTyKM="
    },
    "lodash": {
      "version": "4.16.2",
      "resolved": "https://registry.npmjs.org/lodash/-/lodash-4.16.2.tgz",
      "integrity": "sha1-PmJtuCcEimmSgaihJSJjJs/A5lI="
    },
    "powerbi-visuals-utils-colorutils": {
      "version": "1.0.0",
      "resolved": "https://registry.npmjs.org/powerbi-visuals-utils-colorutils/-/powerbi-visuals-utils-colorutils-1.0.0.tgz",
      "integrity": "sha1-16EZxrG4hOQ2Mos4UZM9mIS2ggg="
    },
    "powerbi-visuals-utils-dataviewutils": {
      "version": "1.2.0",
      "resolved": "https://registry.npmjs.org/powerbi-visuals-utils-dataviewutils/-/powerbi-visuals-utils-dataviewutils-1.2.0.tgz",
      "integrity": "sha1-WaHJgzVclYoj2ZAYlPZfFXUZMhM="
    },
    "powerbi-visuals-utils-formattingutils": {
      "version": "2.1.0",
      "resolved": "https://registry.npmjs.org/powerbi-visuals-utils-formattingutils/-/powerbi-visuals-utils-formattingutils-2.1.0.tgz",
      "integrity": "sha1-mXmvDXEagPD2qe6NK8TBc1/p4Ys=",
      "dependencies": {
        "globalize": {
          "version": "0.1.0-a2",
          "resolved": "https://registry.npmjs.org/globalize/-/globalize-0.1.0a2.tgz",
          "integrity": "sha1-fyizguvv2boMs9gDY1+7pkqH8pQ="
        },
        "powerbi-visuals-utils-svgutils": {
          "version": "1.1.0",
          "resolved": "https://registry.npmjs.org/powerbi-visuals-utils-svgutils/-/powerbi-visuals-utils-svgutils-1.1.0.tgz",
          "integrity": "sha1-i6IsbvVmKkAnCbR3dTpFGTQiV+c="
        }
      }
    },
    "powerbi-visuals-utils-interactivityutils": {
      "version": "1.0.0",
      "resolved": "https://registry.npmjs.org/powerbi-visuals-utils-interactivityutils/-/powerbi-visuals-utils-interactivityutils-1.0.0.tgz",
      "integrity": "sha1-6Y8jHixrF1hl9z3OyYO8is1vumI=",
      "dependencies": {
        "powerbi-visuals-utils-svgutils": {
          "version": "1.1.0",
          "resolved": "https://registry.npmjs.org/powerbi-visuals-utils-svgutils/-/powerbi-visuals-utils-svgutils-1.1.0.tgz",
          "integrity": "sha1-i6IsbvVmKkAnCbR3dTpFGTQiV+c="
        }
      }
    },
    "powerbi-visuals-utils-svgutils": {
      "version": "1.1.0",
      "resolved": "https://registry.npmjs.org/powerbi-visuals-utils-svgutils/-/powerbi-visuals-utils-svgutils-1.1.0.tgz",
      "integrity": "sha1-i6IsbvVmKkAnCbR3dTpFGTQiV+c="
    },
    "powerbi-visuals-utils-typeutils": {
      "version": "1.1.0",
      "resolved": "https://registry.npmjs.org/powerbi-visuals-utils-typeutils/-/powerbi-visuals-utils-typeutils-1.1.0.tgz",
      "integrity": "sha1-NHlC5YGHNwDaVe//UTamk6dt+bI="
    },
    "typescript": {
      "version": "2.5.0-dev.20170629",
      "resolved": "https://registry.npmjs.org/typescript/-/typescript-2.5.0-dev.20170629.tgz",
      "integrity": "sha1-69zasZp9EJvyygVFdhsEEEMMiuA=",
      "dev": true
    }
  }
}
